
Microsoft Visual Studio Solution File, Format Version 12.00
# Visual Studio Version 16
VisualStudioVersion = 16.0.30204.135
MinimumVisualStudioVersion = 10.0.40219.1
Project("{FAE04EC0-301F-11D3-BF4B-00C04F79EFBC}") = "Api", "Api\Api.csproj", "{BE730AD9-FD57-45BA-BCA3-EA0955763F63}"
EndProject
Project("{FAE04EC0-301F-11D3-BF4B-00C04F79EFBC}") = "Data", "Data\Data.csproj", "{A72D1BFF-500C-49E5-9479-17AD08888605}"
EndProject
Global
	GlobalSection(SolutionConfigurationPlatforms) = preSolution
		Debug|Any CPU = Debug|Any CPU
		Release|Any CPU = Release|Any CPU
	EndGlobalSection
	GlobalSection(ProjectConfigurationPlatforms) = postSolution
		{BE730AD9-FD57-45BA-BCA3-EA0955763F63}.Debug|Any CPU.ActiveCfg = Debug|Any CPU
		{BE730AD9-FD57-45BA-BCA3-EA0955763F63}.Debug|Any CPU.Build.0 = Debug|Any CPU
		{BE730AD9-FD57-45BA-BCA3-EA0955763F63}.Release|Any CPU.ActiveCfg = Release|Any CPU
		{BE730AD9-FD57-45BA-BCA3-EA0955763F63}.Release|Any CPU.Build.0 = Release|Any CPU
		{A72D1BFF-500C-49E5-9479-17AD08888605}.Debug|Any CPU.ActiveCfg = Debug|Any CPU
		{A72D1BFF-500C-49E5-9479-17AD08888605}.Debug|Any CPU.Build.0 = Debug|Any CPU
		{A72D1BFF-500C-49E5-9479-17AD08888605}.Release|Any CPU.ActiveCfg = Release|Any CPU
		{A72D1BFF-500C-49E5-9479-17AD08888605}.Release|Any CPU.Build.0 = Release|Any CPU
	EndGlobalSection
	GlobalSection(SolutionProperties) = preSolution
		HideSolutionNode = FALSE
	EndGlobalSection
	GlobalSection(ExtensibilityGlobals) = postSolution
		SolutionGuid = {45B72B33-B661-44BE-B22F-FE25EC0BA2C3}
	EndGlobalSection
EndGlobal
